
Microsoft Visual Studio Solution File, Format Version 12.00
# Visual Studio Version 17
VisualStudioVersion = 17.0.31903.59
MinimumVisualStudioVersion = 10.0.40219.1
Project("{FAE04EC0-301F-11D3-BF4B-00C04F79EFBC}") = "PasskeyIntegrator.AppHost", "PasskeyIntegrator.AppHost\PasskeyIntegrator.AppHost.csproj", "{EB754261-2F99-4D81-A2D4-7C11455975FA}"
EndProject
Project("{FAE04EC0-301F-11D3-BF4B-00C04F79EFBC}") = "PasskeyIntegrator.ServiceDefaults", "PasskeyIntegrator.ServiceDefaults\PasskeyIntegrator.ServiceDefaults.csproj", "{1A6A2609-0BFD-4A22-95F8-EE70DB2A277D}"
EndProject
Project("{FAE04EC0-301F-11D3-BF4B-00C04F79EFBC}") = "PasskeyIntegrator.Api", "PasskeyIntegrator.Api\PasskeyIntegrator.Api.csproj", "{962733CD-0C4D-4463-B185-0F2CF071D708}"
EndProject
Global
	GlobalSection(SolutionConfigurationPlatforms) = preSolution
		Debug|Any CPU = Debug|Any CPU
		Debug|x64 = Debug|x64
		Debug|x86 = Debug|x86
		Release|Any CPU = Release|Any CPU
		Release|x64 = Release|x64
		Release|x86 = Release|x86
	EndGlobalSection
	GlobalSection(ProjectConfigurationPlatforms) = postSolution
		{EB754261-2F99-4D81-A2D4-7C11455975FA}.Debug|Any CPU.ActiveCfg = Debug|Any CPU
		{EB754261-2F99-4D81-A2D4-7C11455975FA}.Debug|Any CPU.Build.0 = Debug|Any CPU
		{EB754261-2F99-4D81-A2D4-7C11455975FA}.Debug|x64.ActiveCfg = Debug|Any CPU
		{EB754261-2F99-4D81-A2D4-7C11455975FA}.Debug|x64.Build.0 = Debug|Any CPU
		{EB754261-2F99-4D81-A2D4-7C11455975FA}.Debug|x86.ActiveCfg = Debug|Any CPU
		{EB754261-2F99-4D81-A2D4-7C11455975FA}.Debug|x86.Build.0 = Debug|Any CPU
		{EB754261-2F99-4D81-A2D4-7C11455975FA}.Release|Any CPU.ActiveCfg = Release|Any CPU
		{EB754261-2F99-4D81-A2D4-7C11455975FA}.Release|Any CPU.Build.0 = Release|Any CPU
		{EB754261-2F99-4D81-A2D4-7C11455975FA}.Release|x64.ActiveCfg = Release|Any CPU
		{EB754261-2F99-4D81-A2D4-7C11455975FA}.Release|x64.Build.0 = Release|Any CPU
		{EB754261-2F99-4D81-A2D4-7C11455975FA}.Release|x86.ActiveCfg = Release|Any CPU
		{EB754261-2F99-4D81-A2D4-7C11455975FA}.Release|x86.Build.0 = Release|Any CPU
		{1A6A2609-0BFD-4A22-95F8-EE70DB2A277D}.Debug|Any CPU.ActiveCfg = Debug|Any CPU
		{1A6A2609-0BFD-4A22-95F8-EE70DB2A277D}.Debug|Any CPU.Build.0 = Debug|Any CPU
		{1A6A2609-0BFD-4A22-95F8-EE70DB2A277D}.Debug|x64.ActiveCfg = Debug|Any CPU
		{1A6A2609-0BFD-4A22-95F8-EE70DB2A277D}.Debug|x64.Build.0 = Debug|Any CPU
		{1A6A2609-0BFD-4A22-95F8-EE70DB2A277D}.Debug|x86.ActiveCfg = Debug|Any CPU
		{1A6A2609-0BFD-4A22-95F8-EE70DB2A277D}.Debug|x86.Build.0 = Debug|Any CPU
		{1A6A2609-0BFD-4A22-95F8-EE70DB2A277D}.Release|Any CPU.ActiveCfg = Release|Any CPU
		{1A6A2609-0BFD-4A22-95F8-EE70DB2A277D}.Release|Any CPU.Build.0 = Release|Any CPU
		{1A6A2609-0BFD-4A22-95F8-EE70DB2A277D}.Release|x64.ActiveCfg = Release|Any CPU
		{1A6A2609-0BFD-4A22-95F8-EE70DB2A277D}.Release|x64.Build.0 = Release|Any CPU
		{1A6A2609-0BFD-4A22-95F8-EE70DB2A277D}.Release|x86.ActiveCfg = Release|Any CPU
		{1A6A2609-0BFD-4A22-95F8-EE70DB2A277D}.Release|x86.Build.0 = Release|Any CPU
		{962733CD-0C4D-4463-B185-0F2CF071D708}.Debug|Any CPU.ActiveCfg = Debug|Any CPU
		{962733CD-0C4D-4463-B185-0F2CF071D708}.Debug|Any CPU.Build.0 = Debug|Any CPU
		{962733CD-0C4D-4463-B185-0F2CF071D708}.Debug|x64.ActiveCfg = Debug|Any CPU
		{962733CD-0C4D-4463-B185-0F2CF071D708}.Debug|x64.Build.0 = Debug|Any CPU
		{962733CD-0C4D-4463-B185-0F2CF071D708}.Debug|x86.ActiveCfg = Debug|Any CPU
		{962733CD-0C4D-4463-B185-0F2CF071D708}.Debug|x86.Build.0 = Debug|Any CPU
		{962733CD-0C4D-4463-B185-0F2CF071D708}.Release|Any CPU.ActiveCfg = Release|Any CPU
		{962733CD-0C4D-4463-B185-0F2CF071D708}.Release|Any CPU.Build.0 = Release|Any CPU
		{962733CD-0C4D-4463-B185-0F2CF071D708}.Release|x64.ActiveCfg = Release|Any CPU
		{962733CD-0C4D-4463-B185-0F2CF071D708}.Release|x64.Build.0 = Release|Any CPU
		{962733CD-0C4D-4463-B185-0F2CF071D708}.Release|x86.ActiveCfg = Release|Any CPU
		{962733CD-0C4D-4463-B185-0F2CF071D708}.Release|x86.Build.0 = Release|Any CPU
	EndGlobalSection
	GlobalSection(SolutionProperties) = preSolution
		HideSolutionNode = FALSE
	EndGlobalSection
EndGlobal
